{
    "_readme": [
        "This file locks the dependencies of your project to a known state",
        "Read more about it at https://getcomposer.org/doc/01-basic-usage.md#composer-lock-the-lock-file",
        "This file is @generated automatically"
    ],
    "hash": "a7fb821d73660c242ad2df9d3c9bd12e",
    "content-hash": "b545c36af5a33d4ac598fa94b6ef4ae2",
    "packages": [
        {
            "name": "emanueleminotto/faker-placehold-it-provider",
            "version": "1.0.0",
            "source": {
                "type": "git",
                "url": "https://github.com/EmanueleMinotto/PlaceholdItProvider.git",
                "reference": "fa43fd6eab8698dc00c2209c6be5e1bb02f1ff22"
            },
            "dist": {
                "type": "zip",
                "url": "https://api.github.com/repos/EmanueleMinotto/PlaceholdItProvider/zipball/fa43fd6eab8698dc00c2209c6be5e1bb02f1ff22",
                "reference": "fa43fd6eab8698dc00c2209c6be5e1bb02f1ff22",
                "shasum": ""
            },
            "require": {
                "fzaninotto/faker": "~1"
            },
            "require-dev": {
                "phpunit/phpunit": "~4.4"
            },
            "type": "library",
            "autoload": {
                "psr-4": {
                    "EmanueleMinotto\\Faker\\": "."
                }
            },
            "notification-url": "https://packagist.org/downloads/",
            "license": [
                "MIT"
            ],
            "authors": [
                {
                    "name": "Emanuele Minotto",
                    "email": "minottoemanuele@gmail.com"
                }
            ],
            "description": "placehold.it provider for Faker",
            "keywords": [
                "faker",
                "placeholder",
                "provider"
            ],
            "time": "2015-01-30 21:43:25"
        },
        {
            "name": "fzaninotto/faker",
            "version": "v1.6.0",
            "source": {
                "type": "git",
                "url": "https://github.com/fzaninotto/Faker.git",
                "reference": "44f9a286a04b80c76a4e5fb7aad8bb539b920123"
            },
            "dist": {
                "type": "zip",
                "url": "https://api.github.com/repos/fzaninotto/Faker/zipball/44f9a286a04b80c76a4e5fb7aad8bb539b920123",
                "reference": "44f9a286a04b80c76a4e5fb7aad8bb539b920123",
                "shasum": ""
            },
            "require": {
                "php": "^5.3.3|^7.0"
            },
            "require-dev": {
                "ext-intl": "*",
                "phpunit/phpunit": "~4.0",
                "squizlabs/php_codesniffer": "~1.5"
            },
            "type": "library",
            "extra": {
                "branch-alias": []
            },
            "autoload": {
                "psr-4": {
                    "Faker\\": "src/Faker/"
                }
            },
            "notification-url": "https://packagist.org/downloads/",
            "license": [
                "MIT"
            ],
            "authors": [
                {
                    "name": "François Zaninotto"
                }
            ],
            "description": "Faker is a PHP library that generates fake data for you.",
            "keywords": [
                "data",
                "faker",
                "fixtures"
            ],
            "time": "2016-04-29 12:21:54"
        }
    ],
    "packages-dev": [],
    "aliases": [],
    "minimum-stability": "stable",
    "stability-flags": [],
    "prefer-stable": false,
    "prefer-lowest": false,
    "platform": [],
    "platform-dev": []
}
